
Microsoft Visual Studio Solution File, Format Version 12.00
# Visual Studio Version 16
VisualStudioVersion = 16.0.30330.147
MinimumVisualStudioVersion = 10.0.40219.1
Project("{FAE04EC0-301F-11D3-BF4B-00C04F79EFBC}") = "StopWatch", "StopWatch\StopWatch.csproj", "{30E41D55-299C-4CD9-BF02-EB30CEA55EC1}"
EndProject
Global
	GlobalSection(SolutionConfigurationPlatforms) = preSolution
		Debug|Any CPU = Debug|Any CPU
		Release|Any CPU = Release|Any CPU
	EndGlobalSection
	GlobalSection(ProjectConfigurationPlatforms) = postSolution
		{30E41D55-299C-4CD9-BF02-EB30CEA55EC1}.Debug|Any CPU.ActiveCfg = Debug|Any CPU
		{30E41D55-299C-4CD9-BF02-EB30CEA55EC1}.Debug|Any CPU.Build.0 = Debug|Any CPU
		{30E41D55-299C-4CD9-BF02-EB30CEA55EC1}.Release|Any CPU.ActiveCfg = Release|Any CPU
		{30E41D55-299C-4CD9-BF02-EB30CEA55EC1}.Release|Any CPU.Build.0 = Release|Any CPU
	EndGlobalSection
	GlobalSection(SolutionProperties) = preSolution
		HideSolutionNode = FALSE
	EndGlobalSection
	GlobalSection(ExtensibilityGlobals) = postSolution
		SolutionGuid = {60EE6981-DC4F-4DE4-B5A8-BE2081AABF81}
	EndGlobalSection
EndGlobal
